
Microsoft Visual Studio Solution File, Format Version 12.00
# Visual Studio Version 16
VisualStudioVersion = 16.0.31321.278
MinimumVisualStudioVersion = 10.0.40219.1
Project("{FAE04EC0-301F-11D3-BF4B-00C04F79EFBC}") = "POCConsoleCore", "POCConsoleCore.csproj", "{C9876BE8-BE3D-4D40-A48B-B2E7777E8699}"
EndProject
Global
	GlobalSection(SolutionConfigurationPlatforms) = preSolution
		Debug|Any CPU = Debug|Any CPU
		Release|Any CPU = Release|Any CPU
	EndGlobalSection
	GlobalSection(ProjectConfigurationPlatforms) = postSolution
		{C9876BE8-BE3D-4D40-A48B-B2E7777E8699}.Debug|Any CPU.ActiveCfg = Debug|Any CPU
		{C9876BE8-BE3D-4D40-A48B-B2E7777E8699}.Debug|Any CPU.Build.0 = Debug|Any CPU
		{C9876BE8-BE3D-4D40-A48B-B2E7777E8699}.Release|Any CPU.ActiveCfg = Release|Any CPU
		{C9876BE8-BE3D-4D40-A48B-B2E7777E8699}.Release|Any CPU.Build.0 = Release|Any CPU
	EndGlobalSection
	GlobalSection(SolutionProperties) = preSolution
		HideSolutionNode = FALSE
	EndGlobalSection
	GlobalSection(ExtensibilityGlobals) = postSolution
		SolutionGuid = {EA62D671-27AC-46C9-87E3-08E3193EB6D4}
	EndGlobalSection
EndGlobal
